<?xml version="1.0" encoding="utf-8"?>
<Project ToolsVersion="4.0" xmlns="http://schemas.microsoft.com/developer/msbuild/2003">
  <ItemGroup>
    <Filter Include="소스 파일">
      <UniqueIdentifier>{4FC737F1-C7A5-4376-A066-2A32D752A2FF}</UniqueIdentifier>
      <Extensions>cpp;c;cc;cxx;c++;cppm;ixx;def;odl;idl;hpj;bat;asm;asmx</Extensions>
    </Filter>
    <Filter Include="헤더 파일">
      <UniqueIdentifier>{93995380-89BD-4b04-88EB-625FBE52EBFB}</UniqueIdentifier>
      <Extensions>h;hh;hpp;hxx;h++;hm;inl;inc;ipp;xsd</Extensions>
    </Filter>
    <Filter Include="리소스 파일">
      <UniqueIdentifier>{67DA6AB6-F800-4c08-8B7A-83BB121AAD01}</UniqueIdentifier>
      <Extensions>rc;ico;cur;bmp;dlg;rc2;rct;bin;rgs;gif;jpg;jpeg;jpe;resx;tiff;tif;png;wav;mfcribbon-ms</Extensions>
    </Filter>
    <Filter Include="TouhouScarletDevilCloneGame">
      <UniqueIdentifier>{7fb68a4d-4ab7-44e9-8baf-dd8c86fad9f8}</UniqueIdentifier>
    </Filter>
    <Filter Include="2D Bullet Hell Framwork">
      <UniqueIdentifier>{0024ea15-29ee-4296-8d1b-c820fc3a4d15}</UniqueIdentifier>
    </Filter>
    <Filter Include="2D Bullet Hell Framwork\Core">
      <UniqueIdentifier>{18185ca6-fd98-4000-865b-a43a5c34323a}</UniqueIdentifier>
    </Filter>
    <Filter Include="2D Bullet Hell Framwork\BHGameObject">
      <UniqueIdentifier>{161951ab-9bb3-4f22-a718-25e806cd4289}</UniqueIdentifier>
    </Filter>
    <Filter Include="2D Bullet Hell Framwork\UI">
      <UniqueIdentifier>{6b22099b-a205-4088-a908-e4051479aa48}</UniqueIdentifier>
    </Filter>
  </ItemGroup>
  <ItemGroup>
    <ClCompile Include="main.cpp">
      <Filter>소스 파일</Filter>
    </ClCompile>
    <ClCompile Include="MainGame.cpp">
      <Filter>소스 파일</Filter>
    </ClCompile>
    <ClCompile Include="TouhouScarletDevilCloneGame.cpp">
      <Filter>TouhouScarletDevilCloneGame</Filter>
    </ClCompile>
    <ClCompile Include="KeyManager.cpp">
      <Filter>2D Bullet Hell Framwork\Core</Filter>
    </ClCompile>
    <ClCompile Include="Image.cpp">
      <Filter>2D Bullet Hell Framwork\Core</Filter>
    </ClCompile>
    <ClCompile Include="CircleCollisionManager.cpp">
      <Filter>소스 파일</Filter>
    </ClCompile>
    <ClCompile Include="Timer.cpp">
      <Filter>소스 파일</Filter>
    </ClCompile>
    <ClCompile Include="BHObject.cpp">
      <Filter>2D Bullet Hell Framwork\BHGameObject</Filter>
    </ClCompile>
    <ClCompile Include="BHBullet.cpp">
      <Filter>소스 파일</Filter>
    </ClCompile>
    <ClCompile Include="BHEnemy.cpp">
      <Filter>소스 파일</Filter>
    </ClCompile>
    <ClCompile Include="BHPlayer.cpp">
      <Filter>소스 파일</Filter>
    </ClCompile>
    <ClCompile Include="BulletManager.cpp">
      <Filter>소스 파일</Filter>
    </ClCompile>
    <ClCompile Include="BulletShooter.cpp">
      <Filter>소스 파일</Filter>
    </ClCompile>
    <ClCompile Include="ImageManager.cpp">
      <Filter>소스 파일</Filter>
    </ClCompile>
    <ClCompile Include="UI.cpp">
      <Filter>2D Bullet Hell Framwork\UI</Filter>
    </ClCompile>
    <ClCompile Include="InputManager.cpp">
      <Filter>2D Bullet Hell Framwork\Core</Filter>
    </ClCompile>
  </ItemGroup>
  <ItemGroup>
    <ClInclude Include="config.h">
      <Filter>헤더 파일</Filter>
    </ClInclude>
    <ClInclude Include="MainGame.h">
      <Filter>헤더 파일</Filter>
    </ClInclude>
    <ClInclude Include="TouhouScarletDevilCloneGame.h">
      <Filter>TouhouScarletDevilCloneGame</Filter>
    </ClInclude>
    <ClInclude Include="GameObject.h">
      <Filter>2D Bullet Hell Framwork\Core</Filter>
    </ClInclude>
    <ClInclude Include="KeyManager.h">
      <Filter>2D Bullet Hell Framwork\Core</Filter>
    </ClInclude>
    <ClInclude Include="Singleton.h">
      <Filter>2D Bullet Hell Framwork\Core</Filter>
    </ClInclude>
    <ClInclude Include="Image.h">
      <Filter>2D Bullet Hell Framwork\Core</Filter>
    </ClInclude>
    <ClInclude Include="BHObject.h">
      <Filter>2D Bullet Hell Framwork\BHGameObject</Filter>
    </ClInclude>
    <ClInclude Include="CommonFunction.h">
      <Filter>헤더 파일</Filter>
    </ClInclude>
    <ClInclude Include="ICircleCollideable.h">
      <Filter>2D Bullet Hell Framwork\Core</Filter>
    </ClInclude>
    <ClInclude Include="CircleCollisionManager.h">
      <Filter>헤더 파일</Filter>
    </ClInclude>
    <ClInclude Include="ICollideable.h">
      <Filter>헤더 파일</Filter>
    </ClInclude>
    <ClInclude Include="ObjectPool.h">
      <Filter>헤더 파일</Filter>
    </ClInclude>
    <ClInclude Include="Timer.h">
      <Filter>헤더 파일</Filter>
    </ClInclude>
    <ClInclude Include="BHBullet.h">
      <Filter>헤더 파일</Filter>
    </ClInclude>
    <ClInclude Include="BHEnemy.h">
      <Filter>헤더 파일</Filter>
    </ClInclude>
    <ClInclude Include="BHPlayer.h">
      <Filter>헤더 파일</Filter>
    </ClInclude>
    <ClInclude Include="BulletManager.h">
      <Filter>헤더 파일</Filter>
    </ClInclude>
    <ClInclude Include="BulletShooter.h">
      <Filter>헤더 파일</Filter>
    </ClInclude>
    <ClInclude Include="ImageManager.h">
      <Filter>헤더 파일</Filter>
    </ClInclude>
    <ClInclude Include="UI.h">
      <Filter>2D Bullet Hell Framwork\UI</Filter>
    </ClInclude>
    <ClInclude Include="InputManager.h">
      <Filter>2D Bullet Hell Framwork\Core</Filter>
    </ClInclude>
  </ItemGroup>
</Project>