<?xml version="1.0" encoding="utf-8"?>
<Project ToolsVersion="4.0" xmlns="http://schemas.microsoft.com/developer/msbuild/2003">
  <ItemGroup>
    <ClCompile Include="BHBullet.cpp" />
    <ClCompile Include="BHEnemy.cpp" />
    <ClCompile Include="BHObject.cpp" />
    <ClCompile Include="BHPlayer.cpp" />
    <ClCompile Include="BulletManager.cpp" />
    <ClCompile Include="BulletShooter.cpp" />
    <ClCompile Include="CircleCollisionManager.cpp" />
    <ClCompile Include="CircleCollisionManager.cpp" />
    <ClCompile Include="D2DImage.cpp" />
    <ClCompile Include="EnemyController.cpp" />
    <ClCompile Include="EnemyFactory.cpp" />
    <ClCompile Include="IObjectActionPattern.cpp" />
    <ClCompile Include="ImageManager.cpp" />
    <ClCompile Include="InputManager.cpp" />
    <ClCompile Include="KeyManager.cpp" />
    <ClCompile Include="main.cpp" />
    <ClCompile Include="MainGame.cpp" />
    <ClCompile Include="PathMaker.cpp" />
    <ClCompile Include="Missile.cpp" />
    <ClCompile Include="MissileFactory.cpp" />
    <ClCompile Include="Pattern.cpp" />
    <ClCompile Include="Shape.cpp" />
    <ClCompile Include="ShapeManager.cpp" />
    <ClCompile Include="Timer.cpp" />
    <ClCompile Include="TouhouScarletDevilCloneGame.cpp" />
    <ClCompile Include="UI.cpp" />
    <ClCompile Include="VEnemy.cpp" />
    <ClCompile Include="EffectPlayer.cpp">
      <Filter>JiunTest</Filter>
    </ClCompile>
    <ClCompile Include="D2DImage.cpp">
      <Filter>JiunTest</Filter>
    </ClCompile>
  </ItemGroup>
  <ItemGroup>
    <ClInclude Include="BHBullet.h" />
    <ClInclude Include="BHEnemy.h" />
    <ClInclude Include="BHObject.h" />
    <ClInclude Include="BHPlayer.h" />
    <ClInclude Include="BulletManager.h" />
    <ClInclude Include="BulletShooter.h" />
    <ClInclude Include="CircleCollisionManager.h" />
    <ClInclude Include="CommonFunction.h" />
    <ClInclude Include="config.h" />
    <ClInclude Include="EnemyController.h" />
    <ClInclude Include="EnemyFactory.h" />
    <ClInclude Include="GameObject.h" />
    <ClInclude Include="ICircleCollideable.h" />
    <ClInclude Include="ICollideable.h" />
    <ClInclude Include="IObjectActionPattern.h" />
    <ClInclude Include="ImageManager.h" />
    <ClInclude Include="InputManager.h" />
    <ClInclude Include="KeyManager.h" />
    <ClInclude Include="MainGame.h" />
    <ClInclude Include="PathMaker.h" />
    <ClInclude Include="Missile.h" />
    <ClInclude Include="MissileFactory.h" />
    <ClInclude Include="ObjectPool.h" />
    <ClInclude Include="Pattern.h" />
    <ClInclude Include="Shape.h" />
    <ClInclude Include="ShapeManager.h" />
    <ClInclude Include="Singleton.h" />
    <ClInclude Include="Timer.h" />
    <ClInclude Include="TouhouScarletDevilCloneGame.h" />
    <ClInclude Include="UI.h" />
    <ClInclude Include="VEnemy.h" />
    <ClInclude Include="EffectPlayer.h">
      <Filter>JiunTest</Filter>
    </ClInclude>
    <ClInclude Include="D2DImage.h">
      <Filter>JiunTest</Filter>
    </ClInclude>
  </ItemGroup>
  <ItemGroup>
    <Filter Include="JiunTest">
      <UniqueIdentifier>{417733e2-8419-46f0-8d0a-11a8a4a7ff1f}</UniqueIdentifier>
    </Filter>
  </ItemGroup>
</Project>